
Microsoft Visual Studio Solution File, Format Version 12.00
# Visual Studio Version 17
VisualStudioVersion = 17.9.34723.18
MinimumVisualStudioVersion = 10.0.40219.1
Project("{9A19103F-16F7-4668-BE54-9A1E7A4F7556}") = "client", "client.csproj", "{400F9274-8602-43D4-88F1-AF84F4F00D62}"
EndProject
Global
	GlobalSection(SolutionConfigurationPlatforms) = preSolution
		Debug|Any CPU = Debug|Any CPU
		Release|Any CPU = Release|Any CPU
	EndGlobalSection
	GlobalSection(ProjectConfigurationPlatforms) = postSolution
		{400F9274-8602-43D4-88F1-AF84F4F00D62}.Debug|Any CPU.ActiveCfg = Debug|Any CPU
		{400F9274-8602-43D4-88F1-AF84F4F00D62}.Debug|Any CPU.Build.0 = Debug|Any CPU
		{400F9274-8602-43D4-88F1-AF84F4F00D62}.Release|Any CPU.ActiveCfg = Release|Any CPU
		{400F9274-8602-43D4-88F1-AF84F4F00D62}.Release|Any CPU.Build.0 = Release|Any CPU
	EndGlobalSection
	GlobalSection(SolutionProperties) = preSolution
		HideSolutionNode = FALSE
	EndGlobalSection
	GlobalSection(ExtensibilityGlobals) = postSolution
		SolutionGuid = {922CD5A0-7E48-47E7-88CE-5E85A4BC994B}
	EndGlobalSection
EndGlobal
